
Microsoft Visual Studio Solution File, Format Version 12.00
# Visual Studio Version 17
VisualStudioVersion = 17.7.34202.233
MinimumVisualStudioVersion = 10.0.40219.1
Project("{FAE04EC0-301F-11D3-BF4B-00C04F79EFBC}") = "Decorator", "Decorator\Decorator.csproj", "{96066886-BD25-40D4-B6AA-4E271A2D4A2E}"
EndProject
Global
	GlobalSection(SolutionConfigurationPlatforms) = preSolution
		Debug|Any CPU = Debug|Any CPU
		Release|Any CPU = Release|Any CPU
	EndGlobalSection
	GlobalSection(ProjectConfigurationPlatforms) = postSolution
		{96066886-BD25-40D4-B6AA-4E271A2D4A2E}.Debug|Any CPU.ActiveCfg = Debug|Any CPU
		{96066886-BD25-40D4-B6AA-4E271A2D4A2E}.Debug|Any CPU.Build.0 = Debug|Any CPU
		{96066886-BD25-40D4-B6AA-4E271A2D4A2E}.Release|Any CPU.ActiveCfg = Release|Any CPU
		{96066886-BD25-40D4-B6AA-4E271A2D4A2E}.Release|Any CPU.Build.0 = Release|Any CPU
	EndGlobalSection
	GlobalSection(SolutionProperties) = preSolution
		HideSolutionNode = FALSE
	EndGlobalSection
	GlobalSection(ExtensibilityGlobals) = postSolution
		SolutionGuid = {F027EE60-79B7-4251-A453-69B747F28844}
	EndGlobalSection
EndGlobal
